// !$*UTF8*$!
{
	archiveVersion = 1;
	classes = {
	};
	objectVersion = 46;
	objects = {

/* Begin PBXBuildFile section */
		A1A8920A19C4C099007997B6 /* Foundation.framework in Frameworks */ = {isa = PBXBuildFile; fileRef = A1A8920919C4C099007997B6 /* Foundation.framework */; };
		A1A8920C19C4C099007997B6 /* CoreGraphics.framework in Frameworks */ = {isa = PBXBuildFile; fileRef = A1A8920B19C4C099007997B6 /* CoreGraphics.framework */; };
		A1A8920E19C4C099007997B6 /* UIKit.framework in Frameworks */ = {isa = PBXBuildFile; fileRef = A1A8920D19C4C099007997B6 /* UIKit.framework */; };
		A1A8921419C4C099007997B6 /* InfoPlist.strings in Resources */ = {isa = PBXBuildFile; fileRef = A1A8921219C4C099007997B6 /* InfoPlist.strings */; };
		A1A8921619C4C099007997B6 /* main.m in Sources */ = {isa = PBXBuildFile; fileRef = A1A8921519C4C099007997B6 /* main.m */; };
		A1A8921A19C4C099007997B6 /* AppDelegate.m in Sources */ = {isa = PBXBuildFile; fileRef = A1A8921919C4C099007997B6 /* AppDelegate.m */; };
		A1A8921D19C4C099007997B6 /* Main_iPhone.storyboard in Resources */ = {isa = PBXBuildFile; fileRef = A1A8921B19C4C099007997B6 /* Main_iPhone.storyboard */; };
		A1A8922019C4C099007997B6 /* Main_iPad.storyboard in Resources */ = {isa = PBXBuildFile; fileRef = A1A8921E19C4C099007997B6 /* Main_iPad.storyboard */; };
		A1A8922319C4C099007997B6 /* ViewController.m in Sources */ = {isa = PBXBuildFile; fileRef = A1A8922219C4C099007997B6 /* ViewController.m */; };
		A1A8922519C4C099007997B6 /* Images.xcassets in Resources */ = {isa = PBXBuildFile; fileRef = A1A8922419C4C099007997B6 /* Images.xcassets */; };
		A1A8922C19C4C099007997B6 /* XCTest.framework in Frameworks */ = {isa = PBXBuildFile; fileRef = A1A8922B19C4C099007997B6 /* XCTest.framework */; };
		A1A8922D19C4C099007997B6 /* Foundation.framework in Frameworks */ = {isa = PBXBuildFile; fileRef = A1A8920919C4C099007997B6 /* Foundation.framework */; };
		A1A8922E19C4C099007997B6 /* UIKit.framework in Frameworks */ = {isa = PBXBuildFile; fileRef = A1A8920D19C4C099007997B6 /* UIKit.framework */; };
		A1A8923619C4C099007997B6 /* InfoPlist.strings in Resources */ = {isa = PBXBuildFile; fileRef = A1A8923419C4C099007997B6 /* InfoPlist.strings */; };
		A1A8923819C4C099007997B6 /* HandshakeUITests.m in Sources */ = {isa = PBXBuildFile; fileRef = A1A8923719C4C099007997B6 /* HandshakeUITests.m */; };
/* End PBXBuildFile section */

/* Begin PBXContainerItemProxy section */
		A1A8922F19C4C099007997B6 /* PBXContainerItemProxy */ = {
			isa = PBXContainerItemProxy;
			containerPortal = A1A891FE19C4C099007997B6 /* Project object */;
			proxyType = 1;
			remoteGlobalIDString = A1A8920519C4C099007997B6;
			remoteInfo = HandshakeUI;
		};
/* End PBXContainerItemProxy section */

/* Begin PBXFileReference section */
		A1A8920619C4C099007997B6 /* HandshakeUI.app */ = {isa = PBXFileReference; explicitFileType = wrapper.application; includeInIndex = 0; path = HandshakeUI.app; sourceTree = BUILT_PRODUCTS_DIR; };
		A1A8920919C4C099007997B6 /* Foundation.framework */ = {isa = PBXFileReference; lastKnownFileType = wrapper.framework; name = Foundation.framework; path = System/Library/Frameworks/Foundation.framework; sourceTree = SDKROOT; };
		A1A8920B19C4C099007997B6 /* CoreGraphics.framework */ = {isa = PBXFileReference; lastKnownFileType = wrapper.framework; name = CoreGraphics.framework; path = System/Library/Frameworks/CoreGraphics.framework; sourceTree = SDKROOT; };
		A1A8920D19C4C099007997B6 /* UIKit.framework */ = {isa = PBXFileReference; lastKnownFileType = wrapper.framework; name = UIKit.framework; path = System/Library/Frameworks/UIKit.framework; sourceTree = SDKROOT; };
		A1A8921119C4C099007997B6 /* HandshakeUI-Info.plist */ = {isa = PBXFileReference; lastKnownFileType = text.plist.xml; path = "HandshakeUI-Info.plist"; sourceTree = "<group>"; };
		A1A8921319C4C099007997B6 /* en */ = {isa = PBXFileReference; lastKnownFileType = text.plist.strings; name = en; path = en.lproj/InfoPlist.strings; sourceTree = "<group>"; };
		A1A8921519C4C099007997B6 /* main.m */ = {isa = PBXFileReference; lastKnownFileType = sourcecode.c.objc; path = main.m; sourceTree = "<group>"; };
		A1A8921719C4C099007997B6 /* HandshakeUI-Prefix.pch */ = {isa = PBXFileReference; lastKnownFileType = sourcecode.c.h; path = "HandshakeUI-Prefix.pch"; sourceTree = "<group>"; };
		A1A8921819C4C099007997B6 /* AppDelegate.h */ = {isa = PBXFileReference; lastKnownFileType = sourcecode.c.h; path = AppDelegate.h; sourceTree = "<group>"; };
		A1A8921919C4C099007997B6 /* AppDelegate.m */ = {isa = PBXFileReference; lastKnownFileType = sourcecode.c.objc; path = AppDelegate.m; sourceTree = "<group>"; };
		A1A8921C19C4C099007997B6 /* Base */ = {isa = PBXFileReference; lastKnownFileType = file.storyboard; name = Base; path = Base.lproj/Main_iPhone.storyboard; sourceTree = "<group>"; };
		A1A8921F19C4C099007997B6 /* Base */ = {isa = PBXFileReference; lastKnownFileType = file.storyboard; name = Base; path = Base.lproj/Main_iPad.storyboard; sourceTree = "<group>"; };
		A1A8922119C4C099007997B6 /* ViewController.h */ = {isa = PBXFileReference; lastKnownFileType = sourcecode.c.h; path = ViewController.h; sourceTree = "<group>"; };
		A1A8922219C4C099007997B6 /* ViewController.m */ = {isa = PBXFileReference; lastKnownFileType = sourcecode.c.objc; path = ViewController.m; sourceTree = "<group>"; };
		A1A8922419C4C099007997B6 /* Images.xcassets */ = {isa = PBXFileReference; lastKnownFileType = folder.assetcatalog; path = Images.xcassets; sourceTree = "<group>"; };
		A1A8922A19C4C099007997B6 /* HandshakeUITests.xctest */ = {isa = PBXFileReference; explicitFileType = wrapper.cfbundle; includeInIndex = 0; path = HandshakeUITests.xctest; sourceTree = BUILT_PRODUCTS_DIR; };
		A1A8922B19C4C099007997B6 /* XCTest.framework */ = {isa = PBXFileReference; lastKnownFileType = wrapper.framework; name = XCTest.framework; path = Library/Frameworks/XCTest.framework; sourceTree = DEVELOPER_DIR; };
		A1A8923319C4C099007997B6 /* HandshakeUITests-Info.plist */ = {isa = PBXFileReference; lastKnownFileType = text.plist.xml; path = "HandshakeUITests-Info.plist"; sourceTree = "<group>"; };
		A1A8923519C4C099007997B6 /* en */ = {isa = PBXFileReference; lastKnownFileType = text.plist.strings; name = en; path = en.lproj/InfoPlist.strings; sourceTree = "<group>"; };
		A1A8923719C4C099007997B6 /* HandshakeUITests.m */ = {isa = PBXFileReference; lastKnownFileType = sourcecode.c.objc; path = HandshakeUITests.m; sourceTree = "<group>"; };
/* End PBXFileReference section */

/* Begin PBXFrameworksBuildPhase section */
		A1A8920319C4C099007997B6 /* Frameworks */ = {
			isa = PBXFrameworksBuildPhase;
			buildActionMask = 2147483647;
			files = (
				A1A8920C19C4C099007997B6 /* CoreGraphics.framework in Frameworks */,
				A1A8920E19C4C099007997B6 /* UIKit.framework in Frameworks */,
				A1A8920A19C4C099007997B6 /* Foundation.framework in Frameworks */,
			);
			runOnlyForDeploymentPostprocessing = 0;
		};
		A1A8922719C4C099007997B6 /* Frameworks */ = {
			isa = PBXFrameworksBuildPhase;
			buildActionMask = 2147483647;
			files = (
				A1A8922C19C4C099007997B6 /* XCTest.framework in Frameworks */,
				A1A8922E19C4C099007997B6 /* UIKit.framework in Frameworks */,
				A1A8922D19C4C099007997B6 /* Foundation.framework in Frameworks */,
			);
			runOnlyForDeploymentPostprocessing = 0;
		};
/* End PBXFrameworksBuildPhase section */

/* Begin PBXGroup section */
		A1A891FD19C4C099007997B6 = {
			isa = PBXGroup;
			children = (
				A1A8920F19C4C099007997B6 /* HandshakeUI */,
				A1A8923119C4C099007997B6 /* HandshakeUITests */,
				A1A8920819C4C099007997B6 /* Frameworks */,
				A1A8920719C4C099007997B6 /* Products */,
			);
			sourceTree = "<group>";
		};
		A1A8920719C4C099007997B6 /* Products */ = {
			isa = PBXGroup;
			children = (
				A1A8920619C4C099007997B6 /* HandshakeUI.app */,
				A1A8922A19C4C099007997B6 /* HandshakeUITests.xctest */,
			);
			name = Products;
			sourceTree = "<group>";
		};
		A1A8920819C4C099007997B6 /* Frameworks */ = {
			isa = PBXGroup;
			children = (
				A1A8920919C4C099007997B6 /* Foundation.framework */,
				A1A8920B19C4C099007997B6 /* CoreGraphics.framework */,
				A1A8920D19C4C099007997B6 /* UIKit.framework */,
				A1A8922B19C4C099007997B6 /* XCTest.framework */,
			);
			name = Frameworks;
			sourceTree = "<group>";
		};
		A1A8920F19C4C099007997B6 /* HandshakeUI */ = {
			isa = PBXGroup;
			children = (
				A1A8921819C4C099007997B6 /* AppDelegate.h */,
				A1A8921919C4C099007997B6 /* AppDelegate.m */,
				A1A8921B19C4C099007997B6 /* Main_iPhone.storyboard */,
				A1A8921E19C4C099007997B6 /* Main_iPad.storyboard */,
				A1A8922119C4C099007997B6 /* ViewController.h */,
				A1A8922219C4C099007997B6 /* ViewController.m */,
				A1A8922419C4C099007997B6 /* Images.xcassets */,
				A1A8921019C4C099007997B6 /* Supporting Files */,
			);
			path = HandshakeUI;
			sourceTree = "<group>";
		};
		A1A8921019C4C099007997B6 /* Supporting Files */ = {
			isa = PBXGroup;
			children = (
				A1A8921119C4C099007997B6 /* HandshakeUI-Info.plist */,
				A1A8921219C4C099007997B6 /* InfoPlist.strings */,
				A1A8921519C4C099007997B6 /* main.m */,
				A1A8921719C4C099007997B6 /* HandshakeUI-Prefix.pch */,
			);
			name = "Supporting Files";
			sourceTree = "<group>";
		};
		A1A8923119C4C099007997B6 /* HandshakeUITests */ = {
			isa = PBXGroup;
			children = (
				A1A8923719C4C099007997B6 /* HandshakeUITests.m */,
				A1A8923219C4C099007997B6 /* Supporting Files */,
			);
			path = HandshakeUITests;
			sourceTree = "<group>";
		};
		A1A8923219C4C099007997B6 /* Supporting Files */ = {
			isa = PBXGroup;
			children = (
				A1A8923319C4C099007997B6 /* HandshakeUITests-Info.plist */,
				A1A8923419C4C099007997B6 /* InfoPlist.strings */,
			);
			name = "Supporting Files";
			sourceTree = "<group>";
		};
/* End PBXGroup section */

/* Begin PBXNativeTarget section */
		A1A8920519C4C099007997B6 /* HandshakeUI */ = {
			isa = PBXNativeTarget;
			buildConfigurationList = A1A8923B19C4C099007997B6 /* Build configuration list for PBXNativeTarget "HandshakeUI" */;
			buildPhases = (
				A1A8920219C4C099007997B6 /* Sources */,
				A1A8920319C4C099007997B6 /* Frameworks */,
				A1A8920419C4C099007997B6 /* Resources */,
			);
			buildRules = (
			);
			dependencies = (
			);
			name = HandshakeUI;
			productName = HandshakeUI;
			productReference = A1A8920619C4C099007997B6 /* HandshakeUI.app */;
			productType = "com.apple.product-type.application";
		};
		A1A8922919C4C099007997B6 /* HandshakeUITests */ = {
			isa = PBXNativeTarget;
			buildConfigurationList = A1A8923E19C4C099007997B6 /* Build configuration list for PBXNativeTarget "HandshakeUITests" */;
			buildPhases = (
				A1A8922619C4C099007997B6 /* Sources */,
				A1A8922719C4C099007997B6 /* Frameworks */,
				A1A8922819C4C099007997B6 /* Resources */,
			);
			buildRules = (
			);
			dependencies = (
				A1A8923019C4C099007997B6 /* PBXTargetDependency */,
			);
			name = HandshakeUITests;
			productName = HandshakeUITests;
			productReference = A1A8922A19C4C099007997B6 /* HandshakeUITests.xctest */;
			productType = "com.apple.product-type.bundle.unit-test";
		};
/* End PBXNativeTarget section */

/* Begin PBXProject section */
		A1A891FE19C4C099007997B6 /* Project object */ = {
			isa = PBXProject;
			attributes = {
				LastUpgradeCheck = 0510;
				ORGANIZATIONNAME = ChintavShah;
				TargetAttributes = {
					A1A8922919C4C099007997B6 = {
						TestTargetID = A1A8920519C4C099007997B6;
					};
				};
			};
			buildConfigurationList = A1A8920119C4C099007997B6 /* Build configuration list for PBXProject "HandshakeUI" */;
			compatibilityVersion = "Xcode 3.2";
			developmentRegion = English;
			hasScannedForEncodings = 0;
			knownRegions = (
				en,
				Base,
			);
			mainGroup = A1A891FD19C4C099007997B6;
			productRefGroup = A1A8920719C4C099007997B6 /* Products */;
			projectDirPath = "";
			projectRoot = "";
			targets = (
				A1A8920519C4C099007997B6 /* HandshakeUI */,
				A1A8922919C4C099007997B6 /* HandshakeUITests */,
			);
		};
/* End PBXProject section */

/* Begin PBXResourcesBuildPhase section */
		A1A8920419C4C099007997B6 /* Resources */ = {
			isa = PBXResourcesBuildPhase;
			buildActionMask = 2147483647;
			files = (
				A1A8922019C4C099007997B6 /* Main_iPad.storyboard in Resources */,
				A1A8922519C4C099007997B6 /* Images.xcassets in Resources */,
				A1A8921D19C4C099007997B6 /* Main_iPhone.storyboard in Resources */,
				A1A8921419C4C099007997B6 /* InfoPlist.strings in Resources */,
			);
			runOnlyForDeploymentPostprocessing = 0;
		};
		A1A8922819C4C099007997B6 /* Resources */ = {
			isa = PBXResourcesBuildPhase;
			buildActionMask = 2147483647;
			files = (
				A1A8923619C4C099007997B6 /* InfoPlist.strings in Resources */,
			);
			runOnlyForDeploymentPostprocessing = 0;
		};
/* End PBXResourcesBuildPhase section */

/* Begin PBXSourcesBuildPhase section */
		A1A8920219C4C099007997B6 /* Sources */ = {
			isa = PBXSourcesBuildPhase;
			buildActionMask = 2147483647;
			files = (
				A1A8922319C4C099007997B6 /* ViewController.m in Sources */,
				A1A8921A19C4C099007997B6 /* AppDelegate.m in Sources */,
				A1A8921619C4C099007997B6 /* main.m in Sources */,
			);
			runOnlyForDeploymentPostprocessing = 0;
		};
		A1A8922619C4C099007997B6 /* Sources */ = {
			isa = PBXSourcesBuildPhase;
			buildActionMask = 2147483647;
			files = (
				A1A8923819C4C099007997B6 /* HandshakeUITests.m in Sources */,
			);
			runOnlyForDeploymentPostprocessing = 0;
		};
/* End PBXSourcesBuildPhase section */

/* Begin PBXTargetDependency section */
		A1A8923019C4C099007997B6 /* PBXTargetDependency */ = {
			isa = PBXTargetDependency;
			target = A1A8920519C4C099007997B6 /* HandshakeUI */;
			targetProxy = A1A8922F19C4C099007997B6 /* PBXContainerItemProxy */;
		};
/* End PBXTargetDependency section */

/* Begin PBXVariantGroup section */
		A1A8921219C4C099007997B6 /* InfoPlist.strings */ = {
			isa = PBXVariantGroup;
			children = (
				A1A8921319C4C099007997B6 /* en */,
			);
			name = InfoPlist.strings;
			sourceTree = "<group>";
		};
		A1A8921B19C4C099007997B6 /* Main_iPhone.storyboard */ = {
			isa = PBXVariantGroup;
			children = (
				A1A8921C19C4C099007997B6 /* Base */,
			);
			name = Main_iPhone.storyboard;
			sourceTree = "<group>";
		};
		A1A8921E19C4C099007997B6 /* Main_iPad.storyboard */ = {
			isa = PBXVariantGroup;
			children = (
				A1A8921F19C4C099007997B6 /* Base */,
			);
			name = Main_iPad.storyboard;
			sourceTree = "<group>";
		};
		A1A8923419C4C099007997B6 /* InfoPlist.strings */ = {
			isa = PBXVariantGroup;
			children = (
				A1A8923519C4C099007997B6 /* en */,
			);
			name = InfoPlist.strings;
			sourceTree = "<group>";
		};
/* End PBXVariantGroup section */

/* Begin XCBuildConfiguration section */
		A1A8923919C4C099007997B6 /* Debug */ = {
			isa = XCBuildConfiguration;
			buildSettings = {
				ALWAYS_SEARCH_USER_PATHS = NO;
				CLANG_CXX_LANGUAGE_STANDARD = "gnu++0x";
				CLANG_CXX_LIBRARY = "libc++";
				CLANG_ENABLE_MODULES = YES;
				CLANG_ENABLE_OBJC_ARC = YES;
				CLANG_WARN_BOOL_CONVERSION = YES;
				CLANG_WARN_CONSTANT_CONVERSION = YES;
				CLANG_WARN_DIRECT_OBJC_ISA_USAGE = YES_ERROR;
				CLANG_WARN_EMPTY_BODY = YES;
				CLANG_WARN_ENUM_CONVERSION = YES;
				CLANG_WARN_INT_CONVERSION = YES;
				CLANG_WARN_OBJC_ROOT_CLASS = YES_ERROR;
				CLANG_WARN__DUPLICATE_METHOD_MATCH = YES;
				"CODE_SIGN_IDENTITY[sdk=iphoneos*]" = "iPhone Developer";
				COPY_PHASE_STRIP = NO;
				GCC_C_LANGUAGE_STANDARD = gnu99;
				GCC_DYNAMIC_NO_PIC = NO;
				GCC_OPTIMIZATION_LEVEL = 0;
				GCC_PREPROCESSOR_DEFINITIONS = (
					"DEBUG=1",
					"$(inherited)",
				);
				GCC_SYMBOLS_PRIVATE_EXTERN = NO;
				GCC_WARN_64_TO_32_BIT_CONVERSION = YES;
				GCC_WARN_ABOUT_RETURN_TYPE = YES_ERROR;
				GCC_WARN_UNDECLARED_SELECTOR = YES;
				GCC_WARN_UNINITIALIZED_AUTOS = YES_AGGRESSIVE;
				GCC_WARN_UNUSED_FUNCTION = YES;
				GCC_WARN_UNUSED_VARIABLE = YES;
				IPHONEOS_DEPLOYMENT_TARGET = 7.1;
				ONLY_ACTIVE_ARCH = YES;
				SDKROOT = iphoneos;
				TARGETED_DEVICE_FAMILY = "1,2";
			};
			name = Debug;
		};
		A1A8923A19C4C099007997B6 /* Release */ = {
			isa = XCBuildConfiguration;
			buildSettings = {
				ALWAYS_SEARCH_USER_PATHS = NO;
				CLANG_CXX_LANGUAGE_STANDARD = "gnu++0x";
				CLANG_CXX_LIBRARY = "libc++";
				CLANG_ENABLE_MODULES = YES;
				CLANG_ENABLE_OBJC_ARC = YES;
				CLANG_WARN_BOOL_CONVERSION = YES;
				CLANG_WARN_CONSTANT_CONVERSION = YES;
				CLANG_WARN_DIRECT_OBJC_ISA_USAGE = YES_ERROR;
				CLANG_WARN_EMPTY_BODY = YES;
				CLANG_WARN_ENUM_CONVERSION = YES;
				CLANG_WARN_INT_CONVERSION = YES;
				CLANG_WARN_OBJC_ROOT_CLASS = YES_ERROR;
				CLANG_WARN__DUPLICATE_METHOD_MATCH = YES;
				"CODE_SIGN_IDENTITY[sdk=iphoneos*]" = "iPhone Developer";
				COPY_PHASE_STRIP = YES;
				ENABLE_NS_ASSERTIONS = NO;
				GCC_C_LANGUAGE_STANDARD = gnu99;
				GCC_WARN_64_TO_32_BIT_CONVERSION = YES;
				GCC_WARN_ABOUT_RETURN_TYPE = YES_ERROR;
				GCC_WARN_UNDECLARED_SELECTOR = YES;
				GCC_WARN_UNINITIALIZED_AUTOS = YES_AGGRESSIVE;
				GCC_WARN_UNUSED_FUNCTION = YES;
				GCC_WARN_UNUSED_VARIABLE = YES;
				IPHONEOS_DEPLOYMENT_TARGET = 7.1;
				SDKROOT = iphoneos;
				TARGETED_DEVICE_FAMILY = "1,2";
				VALIDATE_PRODUCT = YES;
			};
			name = Release;
		};
		A1A8923C19C4C099007997B6 /* Debug */ = {
			isa = XCBuildConfiguration;
			buildSettings = {
				ASSETCATALOG_COMPILER_APPICON_NAME = AppIcon;
				ASSETCATALOG_COMPILER_LAUNCHIMAGE_NAME = LaunchImage;
				GCC_PRECOMPILE_PREFIX_HEADER = YES;
				GCC_PREFIX_HEADER = "HandshakeUI/HandshakeUI-Prefix.pch";
				INFOPLIST_FILE = "HandshakeUI/HandshakeUI-Info.plist";
				PRODUCT_NAME = "$(TARGET_NAME)";
				WRAPPER_EXTENSION = app;
			};
			name = Debug;
		};
		A1A8923D19C4C099007997B6 /* Release */ = {
			isa = XCBuildConfiguration;
			buildSettings = {
				ASSETCATALOG_COMPILER_APPICON_NAME = AppIcon;
				ASSETCATALOG_COMPILER_LAUNCHIMAGE_NAME = LaunchImage;
				GCC_PRECOMPILE_PREFIX_HEADER = YES;
				GCC_PREFIX_HEADER = "HandshakeUI/HandshakeUI-Prefix.pch";
				INFOPLIST_FILE = "HandshakeUI/HandshakeUI-Info.plist";
				PRODUCT_NAME = "$(TARGET_NAME)";
				WRAPPER_EXTENSION = app;
			};
			name = Release;
		};
		A1A8923F19C4C099007997B6 /* Debug */ = {
			isa = XCBuildConfiguration;
			buildSettings = {
				BUNDLE_LOADER = "$(BUILT_PRODUCTS_DIR)/HandshakeUI.app/HandshakeUI";
				FRAMEWORK_SEARCH_PATHS = (
					"$(SDKROOT)/Developer/Library/Frameworks",
					"$(inherited)",
					"$(DEVELOPER_FRAMEWORKS_DIR)",
				);
				GCC_PRECOMPILE_PREFIX_HEADER = YES;
				GCC_PREFIX_HEADER = "HandshakeUI/HandshakeUI-Prefix.pch";
				GCC_PREPROCESSOR_DEFINITIONS = (
					"DEBUG=1",
					"$(inherited)",
				);
				INFOPLIST_FILE = "HandshakeUITests/HandshakeUITests-Info.plist";
				PRODUCT_NAME = "$(TARGET_NAME)";
				TEST_HOST = "$(BUNDLE_LOADER)";
				WRAPPER_EXTENSION = xctest;
			};
			name = Debug;
		};
		A1A8924019C4C099007997B6 /* Release */ = {
			isa = XCBuildConfiguration;
			buildSettings = {
				BUNDLE_LOADER = "$(BUILT_PRODUCTS_DIR)/HandshakeUI.app/HandshakeUI";
				FRAMEWORK_SEARCH_PATHS = (
					"$(SDKROOT)/Developer/Library/Frameworks",
					"$(inherited)",
					"$(DEVELOPER_FRAMEWORKS_DIR)",
				);
				GCC_PRECOMPILE_PREFIX_HEADER = YES;
				GCC_PREFIX_HEADER = "HandshakeUI/HandshakeUI-Prefix.pch";
				INFOPLIST_FILE = "HandshakeUITests/HandshakeUITests-Info.plist";
				PRODUCT_NAME = "$(TARGET_NAME)";
				TEST_HOST = "$(BUNDLE_LOADER)";
				WRAPPER_EXTENSION = xctest;
			};
			name = Release;
		};
/* End XCBuildConfiguration section */

/* Begin XCConfigurationList section */
		A1A8920119C4C099007997B6 /* Build configuration list for PBXProject "HandshakeUI" */ = {
			isa = XCConfigurationList;
			buildConfigurations = (
				A1A8923919C4C099007997B6 /* Debug */,
				A1A8923A19C4C099007997B6 /* Release */,
			);
			defaultConfigurationIsVisible = 0;
			defaultConfigurationName = Release;
		};
		A1A8923B19C4C099007997B6 /* Build configuration list for PBXNativeTarget "HandshakeUI" */ = {
			isa = XCConfigurationList;
			buildConfigurations = (
				A1A8923C19C4C099007997B6 /* Debug */,
				A1A8923D19C4C099007997B6 /* Release */,
			);
			defaultConfigurationIsVisible = 0;
		};
		A1A8923E19C4C099007997B6 /* Build configuration list for PBXNativeTarget "HandshakeUITests" */ = {
			isa = XCConfigurationList;
			buildConfigurations = (
				A1A8923F19C4C099007997B6 /* Debug */,
				A1A8924019C4C099007997B6 /* Release */,
			);
			defaultConfigurationIsVisible = 0;
		};
/* End XCConfigurationList section */
	};
	rootObject = A1A891FE19C4C099007997B6 /* Project object */;
}
